# Generated by pub
# See https://dart.dev/tools/pub/glossary#lockfile
packages:
  async:
    dependency: transitive
    description:
      name: async
      sha256: bfe67ef28df125b7dddcea62755991f807aa39a2492a23e1550161692950bbe0
      url: "https://pub.dartlang.org"
    source: hosted
    version: "2.10.0"
  audio_recorder:
    dependency: "direct main"
    description:
      name: audio_recorder
      sha256: "0880872ae92734a327ae3ccbcf8551a87dc4498df8b0d331efd3be9472d0124d"
      url: "https://pub.dartlang.org"
    source: hosted
    version: "1.0.2"
  boolean_selector:
    dependency: transitive
    description:
      name: boolean_selector
      sha256: "6cfb5af12253eaf2b368f07bacc5a80d1301a071c73360d746b7f2e32d762c66"
      url: "https://pub.dartlang.org"
    source: hosted
    version: "2.1.1"
  characters:
    dependency: transitive
    description:
      name: characters
      sha256: e6a326c8af69605aec75ed6c187d06b349707a27fbff8222ca9cc2cff167975c
      url: "https://pub.dartlang.org"
    source: hosted
    version: "1.2.1"
  clock:
    dependency: transitive
    description:
      name: clock
      sha256: cb6d7f03e1de671e34607e909a7213e31d7752be4fb66a86d29fe1eb14bfb5cf
      url: "https://pub.dartlang.org"
    source: hosted
    version: "1.1.1"
  collection:
    dependency: transitive
    description:
      name: collection
      sha256: cfc915e6923fe5ce6e153b0723c753045de46de1b4d63771530504004a45fae0
      url: "https://pub.dartlang.org"
    source: hosted
    version: "1.17.0"
  cupertino_icons:
    dependency: "direct main"
    description:
      name: cupertino_icons
      sha256: a937da4c006989739ceb4d10e3bd6cce64ca85d0fe287fc5b2b9f6ee757dcee6
      url: "https://pub.dartlang.org"
    source: hosted
    version: "0.1.3"
  date_format:
    dependency: "direct main"
    description:
      name: date_format
      sha256: "4b7422b8feb572426bcf07cf62e9fd69281755e59eac1c5e6cd3bedbd84b6370"
      url: "https://pub.dartlang.org"
    source: hosted
    version: "1.0.8"
  fake_async:
    dependency: transitive
    description:
      name: fake_async
      sha256: "511392330127add0b769b75a987850d136345d9227c6b94c96a04cf4a391bf78"
      url: "https://pub.dartlang.org"
    source: hosted
    version: "1.3.1"
  file:
    dependency: "direct main"
    description:
      name: file
      sha256: "657a39c74f63d20c2118455e568b33ee31aa370f258c261888cae4e934371199"
      url: "https://pub.dartlang.org"
    source: hosted
    version: "5.1.0"
  flutter:
    dependency: "direct main"
    description: flutter
    source: sdk
    version: "0.0.0"
  flutter_colorpicker:
    dependency: "direct main"
    description:
      name: flutter_colorpicker
      sha256: dfd4f3cc15b9110ba6b3c85e90923e982ed37ef0de11d942676ca2df8e658a1a
      url: "https://pub.dartlang.org"
    source: hosted
    version: "0.3.4"
  flutter_datetime_picker:
    dependency: "direct main"
    description:
      name: flutter_datetime_picker
      sha256: b47131449a4932c865e1de7945dec4a08d00ac51c5c7b542d72c07e793857f41
      url: "https://pub.dartlang.org"
    source: hosted
    version: "1.3.5"
  flutter_picker:
    dependency: "direct main"
    description:
      name: flutter_picker
      sha256: "631b8ebd5f3194a48e6490586e430676d61de898c0203c3510dd9752a8603592"
      url: "https://pub.dartlang.org"
    source: hosted
    version: "1.1.3"
  flutter_plugin_android_lifecycle:
    dependency: transitive
    description:
      name: flutter_plugin_android_lifecycle
      sha256: "874c97e15d41b3f76f9478b84ee42ca0ba32423ae6d7088b88fe25ba963db6e9"
      url: "https://pub.dartlang.org"
    source: hosted
    version: "1.0.6"
  flutter_test:
    dependency: "direct dev"
    description: flutter
    source: sdk
    version: "0.0.0"
  flutter_web_plugins:
    dependency: transitive
    description: flutter
    source: sdk
    version: "0.0.0"
  http:
    dependency: "direct main"
    description:
      name: http
      sha256: "5895291c13fa8a3bd82e76d5627f69e0d85ca6a30dcac95c4ea19a5d555879c2"
      url: "https://pub.dartlang.org"
    source: hosted
    version: "0.13.6"
  http_parser:
    dependency: transitive
    description:
      name: http_parser
      sha256: "2aa08ce0341cc9b354a498388e30986515406668dbcc4f7c950c3e715496693b"
      url: "https://pub.dartlang.org"
    source: hosted
    version: "4.0.2"
  image_picker:
    dependency: "direct main"
    description:
      name: image_picker
      sha256: "50ceec6d8261b8837881d87046bde9bdf86b2751aa6113cdceb3309f4ce8ce23"
      url: "https://pub.dartlang.org"
    source: hosted
    version: "0.6.5"
  intl:
    dependency: "direct main"
    description:
      name: intl
      sha256: "4691515bb3f68ebbc4776bc97a84d429bb8e8c141a77b5ab988a4b02adb1747a"
      url: "https://pub.dartlang.org"
    source: hosted
    version: "0.16.1"
  js:
    dependency: transitive
    description:
      name: js
      sha256: "5528c2f391ededb7775ec1daa69e65a2d61276f7552de2b5f7b8d34ee9fd4ab7"
      url: "https://pub.dartlang.org"
    source: hosted
    version: "0.6.5"
  mask_text_input_formatter:
    dependency: "direct main"
    description:
      name: mask_text_input_formatter
      sha256: a69cb982d301a1382ae898039d1283e7659c56c9f023f7e432bae70cf30deeed
      url: "https://pub.dartlang.org"
    source: hosted
    version: "1.0.6"
  matcher:
    dependency: transitive
    description:
      name: matcher
      sha256: "16db949ceee371e9b99d22f88fa3a73c4e59fd0afed0bd25fc336eb76c198b72"
      url: "https://pub.dartlang.org"
    source: hosted
    version: "0.12.13"
  material_color_utilities:
    dependency: transitive
    description:
      name: material_color_utilities
      sha256: d92141dc6fe1dad30722f9aa826c7fbc896d021d792f80678280601aff8cf724
      url: "https://pub.dartlang.org"
    source: hosted
    version: "0.2.0"
  meta:
    dependency: transitive
    description:
      name: meta
      sha256: "6c268b42ed578a53088d834796959e4a1814b5e9e164f147f580a386e5decf42"
      url: "https://pub.dartlang.org"
    source: hosted
    version: "1.8.0"
  nested:
    dependency: transitive
    description:
      name: nested
      sha256: d3492747c400f5639b9d7d76a20d73b51581de20f8dab0d861d839e5a8aa6be5
      url: "https://pub.dartlang.org"
    source: hosted
    version: "0.0.4"
  path:
    dependency: transitive
    description:
      name: path
      sha256: db9d4f58c908a4ba5953fcee2ae317c94889433e5024c27ce74a37f94267945b
      url: "https://pub.dartlang.org"
    source: hosted
    version: "1.8.2"
  path_provider:
    dependency: "direct main"
    description:
      name: path_provider
      sha256: b0715a1dddd326f449d6c328ade0a19c458edae7e13e2fc5791aa1242b3e3dd9
      url: "https://pub.dartlang.org"
    source: hosted
    version: "1.6.7"
  path_provider_macos:
    dependency: transitive
    description:
      name: path_provider_macos
      sha256: d5535383408340ccbcc2107e8b2781a2556f261aa8681a81aa142fe8faecee4e
      url: "https://pub.dartlang.org"
    source: hosted
    version: "0.0.4+2"
  path_provider_platform_interface:
    dependency: transitive
    description:
      name: path_provider_platform_interface
      sha256: "6756134898dc3f274cfef6093c08a1f84fe26dfaed78cf826fc89fe94ef12520"
      url: "https://pub.dartlang.org"
    source: hosted
    version: "1.0.1"
  platform:
    dependency: transitive
    description:
      name: platform
      sha256: "2d03e4330ae22fc7fc0dd38c1fc6d0a9dc7ff10d7deea6dbb2583f7e5c053453"
      url: "https://pub.dartlang.org"
    source: hosted
    version: "2.2.1"
  plugin_platform_interface:
    dependency: transitive
    description:
      name: plugin_platform_interface
      sha256: "3c3d17d0012f7388b8beb79a4517cd2f25b66aa09f9f99f9adcaada6ea6f46f1"
      url: "https://pub.dartlang.org"
    source: hosted
    version: "1.0.2"
  provider:
    dependency: "direct main"
    description:
      name: provider
      sha256: "2789bfc4a202fdb6ea71eb4f237fe16012bec59f7d31f10a88331eb3e188a120"
      url: "https://pub.dartlang.org"
    source: hosted
    version: "4.0.5"
  shared_preferences:
    dependency: "direct main"
    description:
      name: shared_preferences
      sha256: "65576c12503828d40f3bfba591f180250a38b26a2fa8bc59d0aed4a086bf5fe8"
      url: "https://pub.dartlang.org"
    source: hosted
    version: "0.5.7+1"
  shared_preferences_macos:
    dependency: transitive
    description:
      name: shared_preferences_macos
      sha256: "2c4c3e05cb9379b7a52b9d588d14a7a019239ce311858efc9e3a50ea45b7e1c2"
      url: "https://pub.dartlang.org"
    source: hosted
    version: "0.0.1+8"
  shared_preferences_platform_interface:
    dependency: transitive
    description:
      name: shared_preferences_platform_interface
      sha256: a2359f6d5535f8ea0e328dfb4a1457c917f600236a9eded2ff7f21088b1caa4a
      url: "https://pub.dartlang.org"
    source: hosted
    version: "1.0.3"
  shared_preferences_web:
    dependency: transitive
    description:
      name: shared_preferences_web
      sha256: "2250b7de7684a443668cf7606051fce0543379763c3b794640a5dea03f762e2e"
      url: "https://pub.dartlang.org"
    source: hosted
    version: "0.1.2+5"
  sky_engine:
    dependency: transitive
    description: flutter
    source: sdk
    version: "0.0.99"
  source_span:
    dependency: transitive
    description:
      name: source_span
      sha256: dd904f795d4b4f3b870833847c461801f6750a9fa8e61ea5ac53f9422b31f250
      url: "https://pub.dartlang.org"
    source: hosted
    version: "1.9.1"
  stack_trace:
    dependency: transitive
    description:
      name: stack_trace
      sha256: c3c7d8edb15bee7f0f74debd4b9c5f3c2ea86766fe4178eb2a18eb30a0bdaed5
      url: "https://pub.dartlang.org"
    source: hosted
    version: "1.11.0"
  stream_channel:
    dependency: transitive
    description:
      name: stream_channel
      sha256: "83615bee9045c1d322bbbd1ba209b7a749c2cbcdcb3fdd1df8eb488b3279c1c8"
      url: "https://pub.dartlang.org"
    source: hosted
    version: "2.1.1"
  string_scanner:
    dependency: transitive
    description:
      name: string_scanner
      sha256: "556692adab6cfa87322a115640c11f13cb77b3f076ddcc5d6ae3c20242bedcde"
      url: "https://pub.dartlang.org"
    source: hosted
    version: "1.2.0"
  term_glyph:
    dependency: transitive
    description:
      name: term_glyph
      sha256: a29248a84fbb7c79282b40b8c72a1209db169a2e0542bce341da992fe1bc7e84
      url: "https://pub.dartlang.org"
    source: hosted
    version: "1.2.1"
  test_api:
    dependency: transitive
    description:
      name: test_api
      sha256: ad540f65f92caa91bf21dfc8ffb8c589d6e4dc0c2267818b4cc2792857706206
      url: "https://pub.dartlang.org"
    source: hosted
    version: "0.4.16"
  typed_data:
    dependency: transitive
    description:
      name: typed_data
      sha256: facc8d6582f16042dd49f2463ff1bd6e2c9ef9f3d5da3d9b087e244a7b564b3c
      url: "https://pub.dartlang.org"
    source: hosted
    version: "1.3.2"
  vector_math:
    dependency: transitive
    description:
      name: vector_math
      sha256: "80b3257d1492ce4d091729e3a67a60407d227c27241d6927be0130c98e741803"
      url: "https://pub.dartlang.org"
    source: hosted
    version: "2.1.4"
sdks:
  dart: ">=2.5.0 <3.0.0"
  flutter: ">=1.12.13+hotfix.5"
